
Microsoft Visual Studio Solution File, Format Version 12.00
# Visual Studio Version 17
VisualStudioVersion = 17.9.34728.123
MinimumVisualStudioVersion = 10.0.40219.1
Project("{FAE04EC0-301F-11D3-BF4B-00C04F79EFBC}") = "DataAccessLayer", "DataAccessLayer\DataAccessLayer.csproj", "{7C9BD50A-CC7A-4F2B-8DC1-2276F11CE03C}"
EndProject
Project("{FAE04EC0-301F-11D3-BF4B-00C04F79EFBC}") = "DataTransferLayer", "DataTransferLayer\DataTransferLayer.csproj", "{B1782106-895D-45C1-BF0F-D1051C2C3B89}"
EndProject
Project("{FAE04EC0-301F-11D3-BF4B-00C04F79EFBC}") = "ServiceLayer", "ServiceLayer\ServiceLayer.csproj", "{51F4F285-DE93-4299-BF66-64AAC16E8ECD}"
EndProject
Global
	GlobalSection(SolutionConfigurationPlatforms) = preSolution
		Debug|Any CPU = Debug|Any CPU
		Release|Any CPU = Release|Any CPU
	EndGlobalSection
	GlobalSection(ProjectConfigurationPlatforms) = postSolution
		{7C9BD50A-CC7A-4F2B-8DC1-2276F11CE03C}.Debug|Any CPU.ActiveCfg = Debug|Any CPU
		{7C9BD50A-CC7A-4F2B-8DC1-2276F11CE03C}.Debug|Any CPU.Build.0 = Debug|Any CPU
		{7C9BD50A-CC7A-4F2B-8DC1-2276F11CE03C}.Release|Any CPU.ActiveCfg = Release|Any CPU
		{7C9BD50A-CC7A-4F2B-8DC1-2276F11CE03C}.Release|Any CPU.Build.0 = Release|Any CPU
		{B1782106-895D-45C1-BF0F-D1051C2C3B89}.Debug|Any CPU.ActiveCfg = Debug|Any CPU
		{B1782106-895D-45C1-BF0F-D1051C2C3B89}.Debug|Any CPU.Build.0 = Debug|Any CPU
		{B1782106-895D-45C1-BF0F-D1051C2C3B89}.Release|Any CPU.ActiveCfg = Release|Any CPU
		{B1782106-895D-45C1-BF0F-D1051C2C3B89}.Release|Any CPU.Build.0 = Release|Any CPU
		{51F4F285-DE93-4299-BF66-64AAC16E8ECD}.Debug|Any CPU.ActiveCfg = Debug|Any CPU
		{51F4F285-DE93-4299-BF66-64AAC16E8ECD}.Debug|Any CPU.Build.0 = Debug|Any CPU
		{51F4F285-DE93-4299-BF66-64AAC16E8ECD}.Release|Any CPU.ActiveCfg = Release|Any CPU
		{51F4F285-DE93-4299-BF66-64AAC16E8ECD}.Release|Any CPU.Build.0 = Release|Any CPU
	EndGlobalSection
	GlobalSection(SolutionProperties) = preSolution
		HideSolutionNode = FALSE
	EndGlobalSection
	GlobalSection(ExtensibilityGlobals) = postSolution
		SolutionGuid = {890965EC-0E91-4929-A369-D12E40A42324}
	EndGlobalSection
EndGlobal
